// !$*UTF8*$!
{
	archiveVersion = 1;
	classes = {
	};
	objectVersion = 48;
	objects = {

/* Begin PBXBuildFile section */
		0C49BCE8208DC65D00C2942C /* Model.swift in Sources */ = {isa = PBXBuildFile; fileRef = 0C49BCE7208DC65D00C2942C /* Model.swift */; };
		0C49BCEA208DC6E100C2942C /* SupportClasses.swift in Sources */ = {isa = PBXBuildFile; fileRef = 0C49BCE9208DC6E100C2942C /* SupportClasses.swift */; };
		0C8F0CB4208A1A8A00D5A267 /* AppDelegate.swift in Sources */ = {isa = PBXBuildFile; fileRef = 0C8F0CB3208A1A8A00D5A267 /* AppDelegate.swift */; };
		0C8F0CB6208A1A8A00D5A267 /* ViewController.swift in Sources */ = {isa = PBXBuildFile; fileRef = 0C8F0CB5208A1A8A00D5A267 /* ViewController.swift */; };
		0C8F0CBB208A1A8A00D5A267 /* Assets.xcassets in Resources */ = {isa = PBXBuildFile; fileRef = 0C8F0CBA208A1A8A00D5A267 /* Assets.xcassets */; };
		0C8F0CBE208A1A8A00D5A267 /* LaunchScreen.storyboard in Resources */ = {isa = PBXBuildFile; fileRef = 0C8F0CBC208A1A8A00D5A267 /* LaunchScreen.storyboard */; };
		0C8F0CC9208A1A8A00D5A267 /* iHealthProjectTests.swift in Sources */ = {isa = PBXBuildFile; fileRef = 0C8F0CC8208A1A8A00D5A267 /* iHealthProjectTests.swift */; };
		0C8F0CD4208A1A8A00D5A267 /* iHealthProjectUITests.swift in Sources */ = {isa = PBXBuildFile; fileRef = 0C8F0CD3208A1A8A00D5A267 /* iHealthProjectUITests.swift */; };
		0C8F0CE4208A1AA400D5A267 /* HealthKit.framework in Frameworks */ = {isa = PBXBuildFile; fileRef = 0C8F0CE3208A1AA400D5A267 /* HealthKit.framework */; };
		0C8F0CEA208A2FDF00D5A267 /* Main.storyboard in Resources */ = {isa = PBXBuildFile; fileRef = 0C8F0CE9208A2FDF00D5A267 /* Main.storyboard */; };
		0CDAFA51208B323700BE1C6A /* Login.storyboard in Resources */ = {isa = PBXBuildFile; fileRef = 0CDAFA50208B323700BE1C6A /* Login.storyboard */; };
		0CDAFABE208B72B000BE1C6A /* WebUIController.swift in Sources */ = {isa = PBXBuildFile; fileRef = 0CDAFABD208B72B000BE1C6A /* WebUIController.swift */; };
/* End PBXBuildFile section */

/* Begin PBXContainerItemProxy section */
		0C8F0CC5208A1A8A00D5A267 /* PBXContainerItemProxy */ = {
			isa = PBXContainerItemProxy;
			containerPortal = 0C8F0CA8208A1A8A00D5A267 /* Project object */;
			proxyType = 1;
			remoteGlobalIDString = 0C8F0CAF208A1A8A00D5A267;
			remoteInfo = iHealthProject;
		};
		0C8F0CD0208A1A8A00D5A267 /* PBXContainerItemProxy */ = {
			isa = PBXContainerItemProxy;
			containerPortal = 0C8F0CA8208A1A8A00D5A267 /* Project object */;
			proxyType = 1;
			remoteGlobalIDString = 0C8F0CAF208A1A8A00D5A267;
			remoteInfo = iHealthProject;
		};
/* End PBXContainerItemProxy section */

/* Begin PBXCopyFilesBuildPhase section */
		0CDAFABA208B617400BE1C6A /* Embed Frameworks */ = {
			isa = PBXCopyFilesBuildPhase;
			buildActionMask = 2147483647;
			dstPath = "";
			dstSubfolderSpec = 10;
			files = (
			);
			name = "Embed Frameworks";
			runOnlyForDeploymentPostprocessing = 0;
		};
/* End PBXCopyFilesBuildPhase section */

/* Begin PBXFileReference section */
		0C49BCE7208DC65D00C2942C /* Model.swift */ = {isa = PBXFileReference; lastKnownFileType = sourcecode.swift; path = Model.swift; sourceTree = "<group>"; };
		0C49BCE9208DC6E100C2942C /* SupportClasses.swift */ = {isa = PBXFileReference; lastKnownFileType = sourcecode.swift; path = SupportClasses.swift; sourceTree = "<group>"; };
		0C8F0CB0208A1A8A00D5A267 /* iHealthProject.app */ = {isa = PBXFileReference; explicitFileType = wrapper.application; includeInIndex = 0; path = iHealthProject.app; sourceTree = BUILT_PRODUCTS_DIR; };
		0C8F0CB3208A1A8A00D5A267 /* AppDelegate.swift */ = {isa = PBXFileReference; lastKnownFileType = sourcecode.swift; path = AppDelegate.swift; sourceTree = "<group>"; };
		0C8F0CB5208A1A8A00D5A267 /* ViewController.swift */ = {isa = PBXFileReference; lastKnownFileType = sourcecode.swift; path = ViewController.swift; sourceTree = "<group>"; };
		0C8F0CBA208A1A8A00D5A267 /* Assets.xcassets */ = {isa = PBXFileReference; lastKnownFileType = folder.assetcatalog; path = Assets.xcassets; sourceTree = "<group>"; };
		0C8F0CBD208A1A8A00D5A267 /* Base */ = {isa = PBXFileReference; lastKnownFileType = file.storyboard; name = Base; path = Base.lproj/LaunchScreen.storyboard; sourceTree = "<group>"; };
		0C8F0CBF208A1A8A00D5A267 /* Info.plist */ = {isa = PBXFileReference; lastKnownFileType = text.plist.xml; path = Info.plist; sourceTree = "<group>"; };
		0C8F0CC4208A1A8A00D5A267 /* iHealthProjectTests.xctest */ = {isa = PBXFileReference; explicitFileType = wrapper.cfbundle; includeInIndex = 0; path = iHealthProjectTests.xctest; sourceTree = BUILT_PRODUCTS_DIR; };
		0C8F0CC8208A1A8A00D5A267 /* iHealthProjectTests.swift */ = {isa = PBXFileReference; lastKnownFileType = sourcecode.swift; path = iHealthProjectTests.swift; sourceTree = "<group>"; };
		0C8F0CCA208A1A8A00D5A267 /* Info.plist */ = {isa = PBXFileReference; lastKnownFileType = text.plist.xml; path = Info.plist; sourceTree = "<group>"; };
		0C8F0CCF208A1A8A00D5A267 /* iHealthProjectUITests.xctest */ = {isa = PBXFileReference; explicitFileType = wrapper.cfbundle; includeInIndex = 0; path = iHealthProjectUITests.xctest; sourceTree = BUILT_PRODUCTS_DIR; };
		0C8F0CD3208A1A8A00D5A267 /* iHealthProjectUITests.swift */ = {isa = PBXFileReference; lastKnownFileType = sourcecode.swift; path = iHealthProjectUITests.swift; sourceTree = "<group>"; };
		0C8F0CD5208A1A8A00D5A267 /* Info.plist */ = {isa = PBXFileReference; lastKnownFileType = text.plist.xml; path = Info.plist; sourceTree = "<group>"; };
		0C8F0CE1208A1AA400D5A267 /* iHealthProject.entitlements */ = {isa = PBXFileReference; lastKnownFileType = text.plist.entitlements; path = iHealthProject.entitlements; sourceTree = "<group>"; };
		0C8F0CE3208A1AA400D5A267 /* HealthKit.framework */ = {isa = PBXFileReference; lastKnownFileType = wrapper.framework; name = HealthKit.framework; path = System/Library/Frameworks/HealthKit.framework; sourceTree = SDKROOT; };
		0C8F0CE9208A2FDF00D5A267 /* Main.storyboard */ = {isa = PBXFileReference; lastKnownFileType = file.storyboard; path = Main.storyboard; sourceTree = "<group>"; };
		0CDAFA50208B323700BE1C6A /* Login.storyboard */ = {isa = PBXFileReference; lastKnownFileType = file.storyboard; path = Login.storyboard; sourceTree = "<group>"; };
		0CDAFABD208B72B000BE1C6A /* WebUIController.swift */ = {isa = PBXFileReference; fileEncoding = 4; lastKnownFileType = sourcecode.swift; path = WebUIController.swift; sourceTree = "<group>"; };
/* End PBXFileReference section */

/* Begin PBXFrameworksBuildPhase section */
		0C8F0CAD208A1A8A00D5A267 /* Frameworks */ = {
			isa = PBXFrameworksBuildPhase;
			buildActionMask = 2147483647;
			files = (
				0C8F0CE4208A1AA400D5A267 /* HealthKit.framework in Frameworks */,
			);
			runOnlyForDeploymentPostprocessing = 0;
		};
		0C8F0CC1208A1A8A00D5A267 /* Frameworks */ = {
			isa = PBXFrameworksBuildPhase;
			buildActionMask = 2147483647;
			files = (
			);
			runOnlyForDeploymentPostprocessing = 0;
		};
		0C8F0CCC208A1A8A00D5A267 /* Frameworks */ = {
			isa = PBXFrameworksBuildPhase;
			buildActionMask = 2147483647;
			files = (
			);
			runOnlyForDeploymentPostprocessing = 0;
		};
/* End PBXFrameworksBuildPhase section */

/* Begin PBXGroup section */
		0C8F0CA7208A1A8A00D5A267 = {
			isa = PBXGroup;
			children = (
				0C8F0CB2208A1A8A00D5A267 /* iHealthProject */,
				0C8F0CC7208A1A8A00D5A267 /* iHealthProjectTests */,
				0C8F0CD2208A1A8A00D5A267 /* iHealthProjectUITests */,
				0C8F0CB1208A1A8A00D5A267 /* Products */,
				0C8F0CE2208A1AA400D5A267 /* Frameworks */,
			);
			sourceTree = "<group>";
		};
		0C8F0CB1208A1A8A00D5A267 /* Products */ = {
			isa = PBXGroup;
			children = (
				0C8F0CB0208A1A8A00D5A267 /* iHealthProject.app */,
				0C8F0CC4208A1A8A00D5A267 /* iHealthProjectTests.xctest */,
				0C8F0CCF208A1A8A00D5A267 /* iHealthProjectUITests.xctest */,
			);
			name = Products;
			sourceTree = "<group>";
		};
		0C8F0CB2208A1A8A00D5A267 /* iHealthProject */ = {
			isa = PBXGroup;
			children = (
				0CDAFABD208B72B000BE1C6A /* WebUIController.swift */,
				0C8F0CE1208A1AA400D5A267 /* iHealthProject.entitlements */,
				0C8F0CB3208A1A8A00D5A267 /* AppDelegate.swift */,
				0C8F0CB5208A1A8A00D5A267 /* ViewController.swift */,
				0C8F0CBA208A1A8A00D5A267 /* Assets.xcassets */,
				0C8F0CBC208A1A8A00D5A267 /* LaunchScreen.storyboard */,
				0C8F0CBF208A1A8A00D5A267 /* Info.plist */,
				0C8F0CE9208A2FDF00D5A267 /* Main.storyboard */,
				0CDAFA50208B323700BE1C6A /* Login.storyboard */,
				0C49BCE7208DC65D00C2942C /* Model.swift */,
				0C49BCE9208DC6E100C2942C /* SupportClasses.swift */,
			);
			path = iHealthProject;
			sourceTree = "<group>";
		};
		0C8F0CC7208A1A8A00D5A267 /* iHealthProjectTests */ = {
			isa = PBXGroup;
			children = (
				0C8F0CC8208A1A8A00D5A267 /* iHealthProjectTests.swift */,
				0C8F0CCA208A1A8A00D5A267 /* Info.plist */,
			);
			path = iHealthProjectTests;
			sourceTree = "<group>";
		};
		0C8F0CD2208A1A8A00D5A267 /* iHealthProjectUITests */ = {
			isa = PBXGroup;
			children = (
				0C8F0CD3208A1A8A00D5A267 /* iHealthProjectUITests.swift */,
				0C8F0CD5208A1A8A00D5A267 /* Info.plist */,
			);
			path = iHealthProjectUITests;
			sourceTree = "<group>";
		};
		0C8F0CE2208A1AA400D5A267 /* Frameworks */ = {
			isa = PBXGroup;
			children = (
				0C8F0CE3208A1AA400D5A267 /* HealthKit.framework */,
			);
			name = Frameworks;
			sourceTree = "<group>";
		};
/* End PBXGroup section */

/* Begin PBXNativeTarget section */
		0C8F0CAF208A1A8A00D5A267 /* iHealthProject */ = {
			isa = PBXNativeTarget;
			buildConfigurationList = 0C8F0CD8208A1A8A00D5A267 /* Build configuration list for PBXNativeTarget "iHealthProject" */;
			buildPhases = (
				0C8F0CAC208A1A8A00D5A267 /* Sources */,
				0C8F0CAD208A1A8A00D5A267 /* Frameworks */,
				0C8F0CAE208A1A8A00D5A267 /* Resources */,
				0CDAFABA208B617400BE1C6A /* Embed Frameworks */,
			);
			buildRules = (
			);
			dependencies = (
			);
			name = iHealthProject;
			productName = iHealthProject;
			productReference = 0C8F0CB0208A1A8A00D5A267 /* iHealthProject.app */;
			productType = "com.apple.product-type.application";
		};
		0C8F0CC3208A1A8A00D5A267 /* iHealthProjectTests */ = {
			isa = PBXNativeTarget;
			buildConfigurationList = 0C8F0CDB208A1A8A00D5A267 /* Build configuration list for PBXNativeTarget "iHealthProjectTests" */;
			buildPhases = (
				0C8F0CC0208A1A8A00D5A267 /* Sources */,
				0C8F0CC1208A1A8A00D5A267 /* Frameworks */,
				0C8F0CC2208A1A8A00D5A267 /* Resources */,
			);
			buildRules = (
			);
			dependencies = (
				0C8F0CC6208A1A8A00D5A267 /* PBXTargetDependency */,
			);
			name = iHealthProjectTests;
			productName = iHealthProjectTests;
			productReference = 0C8F0CC4208A1A8A00D5A267 /* iHealthProjectTests.xctest */;
			productType = "com.apple.product-type.bundle.unit-test";
		};
		0C8F0CCE208A1A8A00D5A267 /* iHealthProjectUITests */ = {
			isa = PBXNativeTarget;
			buildConfigurationList = 0C8F0CDE208A1A8A00D5A267 /* Build configuration list for PBXNativeTarget "iHealthProjectUITests" */;
			buildPhases = (
				0C8F0CCB208A1A8A00D5A267 /* Sources */,
				0C8F0CCC208A1A8A00D5A267 /* Frameworks */,
				0C8F0CCD208A1A8A00D5A267 /* Resources */,
			);
			buildRules = (
			);
			dependencies = (
				0C8F0CD1208A1A8A00D5A267 /* PBXTargetDependency */,
			);
			name = iHealthProjectUITests;
			productName = iHealthProjectUITests;
			productReference = 0C8F0CCF208A1A8A00D5A267 /* iHealthProjectUITests.xctest */;
			productType = "com.apple.product-type.bundle.ui-testing";
		};
/* End PBXNativeTarget section */

/* Begin PBXProject section */
		0C8F0CA8208A1A8A00D5A267 /* Project object */ = {
			isa = PBXProject;
			attributes = {
				LastSwiftUpdateCheck = 0920;
				LastUpgradeCheck = 0920;
				ORGANIZATIONNAME = HealthHIT;
				TargetAttributes = {
					0C8F0CAF208A1A8A00D5A267 = {
						CreatedOnToolsVersion = 9.2;
						ProvisioningStyle = Automatic;
						SystemCapabilities = {
							com.apple.HealthKit = {
								enabled = 1;
							};
						};
					};
					0C8F0CC3208A1A8A00D5A267 = {
						CreatedOnToolsVersion = 9.2;
						ProvisioningStyle = Automatic;
						TestTargetID = 0C8F0CAF208A1A8A00D5A267;
					};
					0C8F0CCE208A1A8A00D5A267 = {
						CreatedOnToolsVersion = 9.2;
						ProvisioningStyle = Automatic;
						TestTargetID = 0C8F0CAF208A1A8A00D5A267;
					};
				};
			};
			buildConfigurationList = 0C8F0CAB208A1A8A00D5A267 /* Build configuration list for PBXProject "iHealthProject" */;
			compatibilityVersion = "Xcode 8.0";
			developmentRegion = en;
			hasScannedForEncodings = 0;
			knownRegions = (
				en,
				Base,
			);
			mainGroup = 0C8F0CA7208A1A8A00D5A267;
			productRefGroup = 0C8F0CB1208A1A8A00D5A267 /* Products */;
			projectDirPath = "";
			projectRoot = "";
			targets = (
				0C8F0CAF208A1A8A00D5A267 /* iHealthProject */,
				0C8F0CC3208A1A8A00D5A267 /* iHealthProjectTests */,
				0C8F0CCE208A1A8A00D5A267 /* iHealthProjectUITests */,
			);
		};
/* End PBXProject section */

/* Begin PBXResourcesBuildPhase section */
		0C8F0CAE208A1A8A00D5A267 /* Resources */ = {
			isa = PBXResourcesBuildPhase;
			buildActionMask = 2147483647;
			files = (
				0CDAFA51208B323700BE1C6A /* Login.storyboard in Resources */,
				0C8F0CEA208A2FDF00D5A267 /* Main.storyboard in Resources */,
				0C8F0CBE208A1A8A00D5A267 /* LaunchScreen.storyboard in Resources */,
				0C8F0CBB208A1A8A00D5A267 /* Assets.xcassets in Resources */,
			);
			runOnlyForDeploymentPostprocessing = 0;
		};
		0C8F0CC2208A1A8A00D5A267 /* Resources */ = {
			isa = PBXResourcesBuildPhase;
			buildActionMask = 2147483647;
			files = (
			);
			runOnlyForDeploymentPostprocessing = 0;
		};
		0C8F0CCD208A1A8A00D5A267 /* Resources */ = {
			isa = PBXResourcesBuildPhase;
			buildActionMask = 2147483647;
			files = (
			);
			runOnlyForDeploymentPostprocessing = 0;
		};
/* End PBXResourcesBuildPhase section */

/* Begin PBXSourcesBuildPhase section */
		0C8F0CAC208A1A8A00D5A267 /* Sources */ = {
			isa = PBXSourcesBuildPhase;
			buildActionMask = 2147483647;
			files = (
				0C8F0CB6208A1A8A00D5A267 /* ViewController.swift in Sources */,
				0CDAFABE208B72B000BE1C6A /* WebUIController.swift in Sources */,
				0C8F0CB4208A1A8A00D5A267 /* AppDelegate.swift in Sources */,
				0C49BCE8208DC65D00C2942C /* Model.swift in Sources */,
				0C49BCEA208DC6E100C2942C /* SupportClasses.swift in Sources */,
			);
			runOnlyForDeploymentPostprocessing = 0;
		};
		0C8F0CC0208A1A8A00D5A267 /* Sources */ = {
			isa = PBXSourcesBuildPhase;
			buildActionMask = 2147483647;
			files = (
				0C8F0CC9208A1A8A00D5A267 /* iHealthProjectTests.swift in Sources */,
			);
			runOnlyForDeploymentPostprocessing = 0;
		};
		0C8F0CCB208A1A8A00D5A267 /* Sources */ = {
			isa = PBXSourcesBuildPhase;
			buildActionMask = 2147483647;
			files = (
				0C8F0CD4208A1A8A00D5A267 /* iHealthProjectUITests.swift in Sources */,
			);
			runOnlyForDeploymentPostprocessing = 0;
		};
/* End PBXSourcesBuildPhase section */

/* Begin PBXTargetDependency section */
		0C8F0CC6208A1A8A00D5A267 /* PBXTargetDependency */ = {
			isa = PBXTargetDependency;
			target = 0C8F0CAF208A1A8A00D5A267 /* iHealthProject */;
			targetProxy = 0C8F0CC5208A1A8A00D5A267 /* PBXContainerItemProxy */;
		};
		0C8F0CD1208A1A8A00D5A267 /* PBXTargetDependency */ = {
			isa = PBXTargetDependency;
			target = 0C8F0CAF208A1A8A00D5A267 /* iHealthProject */;
			targetProxy = 0C8F0CD0208A1A8A00D5A267 /* PBXContainerItemProxy */;
		};
/* End PBXTargetDependency section */

/* Begin PBXVariantGroup section */
		0C8F0CBC208A1A8A00D5A267 /* LaunchScreen.storyboard */ = {
			isa = PBXVariantGroup;
			children = (
				0C8F0CBD208A1A8A00D5A267 /* Base */,
			);
			name = LaunchScreen.storyboard;
			sourceTree = "<group>";
		};
/* End PBXVariantGroup section */

/* Begin XCBuildConfiguration section */
		0C8F0CD6208A1A8A00D5A267 /* Debug */ = {
			isa = XCBuildConfiguration;
			buildSettings = {
				ALWAYS_SEARCH_USER_PATHS = NO;
				CLANG_ANALYZER_NONNULL = YES;
				CLANG_ANALYZER_NUMBER_OBJECT_CONVERSION = YES_AGGRESSIVE;
				CLANG_CXX_LANGUAGE_STANDARD = "gnu++14";
				CLANG_CXX_LIBRARY = "libc++";
				CLANG_ENABLE_MODULES = YES;
				CLANG_ENABLE_OBJC_ARC = YES;
				CLANG_WARN_BLOCK_CAPTURE_AUTORELEASING = YES;
				CLANG_WARN_BOOL_CONVERSION = YES;
				CLANG_WARN_COMMA = YES;
				CLANG_WARN_CONSTANT_CONVERSION = YES;
				CLANG_WARN_DIRECT_OBJC_ISA_USAGE = YES_ERROR;
				CLANG_WARN_DOCUMENTATION_COMMENTS = YES;
				CLANG_WARN_EMPTY_BODY = YES;
				CLANG_WARN_ENUM_CONVERSION = YES;
				CLANG_WARN_INFINITE_RECURSION = YES;
				CLANG_WARN_INT_CONVERSION = YES;
				CLANG_WARN_NON_LITERAL_NULL_CONVERSION = YES;
				CLANG_WARN_OBJC_LITERAL_CONVERSION = YES;
				CLANG_WARN_OBJC_ROOT_CLASS = YES_ERROR;
				CLANG_WARN_RANGE_LOOP_ANALYSIS = YES;
				CLANG_WARN_STRICT_PROTOTYPES = YES;
				CLANG_WARN_SUSPICIOUS_MOVE = YES;
				CLANG_WARN_UNGUARDED_AVAILABILITY = YES_AGGRESSIVE;
				CLANG_WARN_UNREACHABLE_CODE = YES;
				CLANG_WARN__DUPLICATE_METHOD_MATCH = YES;
				CODE_SIGN_IDENTITY = "iPhone Developer";
				COPY_PHASE_STRIP = NO;
				DEBUG_INFORMATION_FORMAT = dwarf;
				ENABLE_STRICT_OBJC_MSGSEND = YES;
				ENABLE_TESTABILITY = YES;
				GCC_C_LANGUAGE_STANDARD = gnu11;
				GCC_DYNAMIC_NO_PIC = NO;
				GCC_NO_COMMON_BLOCKS = YES;
				GCC_OPTIMIZATION_LEVEL = 0;
				GCC_PREPROCESSOR_DEFINITIONS = (
					"DEBUG=1",
					"$(inherited)",
				);
				GCC_WARN_64_TO_32_BIT_CONVERSION = YES;
				GCC_WARN_ABOUT_RETURN_TYPE = YES_ERROR;
				GCC_WARN_UNDECLARED_SELECTOR = YES;
				GCC_WARN_UNINITIALIZED_AUTOS = YES_AGGRESSIVE;
				GCC_WARN_UNUSED_FUNCTION = YES;
				GCC_WARN_UNUSED_VARIABLE = YES;
				IPHONEOS_DEPLOYMENT_TARGET = 11.2;
				MTL_ENABLE_DEBUG_INFO = YES;
				ONLY_ACTIVE_ARCH = YES;
				SDKROOT = iphoneos;
				SWIFT_ACTIVE_COMPILATION_CONDITIONS = DEBUG;
				SWIFT_OPTIMIZATION_LEVEL = "-Onone";
			};
			name = Debug;
		};
		0C8F0CD7208A1A8A00D5A267 /* Release */ = {
			isa = XCBuildConfiguration;
			buildSettings = {
				ALWAYS_SEARCH_USER_PATHS = NO;
				CLANG_ANALYZER_NONNULL = YES;
				CLANG_ANALYZER_NUMBER_OBJECT_CONVERSION = YES_AGGRESSIVE;
				CLANG_CXX_LANGUAGE_STANDARD = "gnu++14";
				CLANG_CXX_LIBRARY = "libc++";
				CLANG_ENABLE_MODULES = YES;
				CLANG_ENABLE_OBJC_ARC = YES;
				CLANG_WARN_BLOCK_CAPTURE_AUTORELEASING = YES;
				CLANG_WARN_BOOL_CONVERSION = YES;
				CLANG_WARN_COMMA = YES;
				CLANG_WARN_CONSTANT_CONVERSION = YES;
				CLANG_WARN_DIRECT_OBJC_ISA_USAGE = YES_ERROR;
				CLANG_WARN_DOCUMENTATION_COMMENTS = YES;
				CLANG_WARN_EMPTY_BODY = YES;
				CLANG_WARN_ENUM_CONVERSION = YES;
				CLANG_WARN_INFINITE_RECURSION = YES;
				CLANG_WARN_INT_CONVERSION = YES;
				CLANG_WARN_NON_LITERAL_NULL_CONVERSION = YES;
				CLANG_WARN_OBJC_LITERAL_CONVERSION = YES;
				CLANG_WARN_OBJC_ROOT_CLASS = YES_ERROR;
				CLANG_WARN_RANGE_LOOP_ANALYSIS = YES;
				CLANG_WARN_STRICT_PROTOTYPES = YES;
				CLANG_WARN_SUSPICIOUS_MOVE = YES;
				CLANG_WARN_UNGUARDED_AVAILABILITY = YES_AGGRESSIVE;
				CLANG_WARN_UNREACHABLE_CODE = YES;
				CLANG_WARN__DUPLICATE_METHOD_MATCH = YES;
				CODE_SIGN_IDENTITY = "iPhone Developer";
				COPY_PHASE_STRIP = NO;
				DEBUG_INFORMATION_FORMAT = "dwarf-with-dsym";
				ENABLE_NS_ASSERTIONS = NO;
				ENABLE_STRICT_OBJC_MSGSEND = YES;
				GCC_C_LANGUAGE_STANDARD = gnu11;
				GCC_NO_COMMON_BLOCKS = YES;
				GCC_WARN_64_TO_32_BIT_CONVERSION = YES;
				GCC_WARN_ABOUT_RETURN_TYPE = YES_ERROR;
				GCC_WARN_UNDECLARED_SELECTOR = YES;
				GCC_WARN_UNINITIALIZED_AUTOS = YES_AGGRESSIVE;
				GCC_WARN_UNUSED_FUNCTION = YES;
				GCC_WARN_UNUSED_VARIABLE = YES;
				IPHONEOS_DEPLOYMENT_TARGET = 11.2;
				MTL_ENABLE_DEBUG_INFO = NO;
				SDKROOT = iphoneos;
				SWIFT_OPTIMIZATION_LEVEL = "-Owholemodule";
				VALIDATE_PRODUCT = YES;
			};
			name = Release;
		};
		0C8F0CD9208A1A8A00D5A267 /* Debug */ = {
			isa = XCBuildConfiguration;
			buildSettings = {
				ALWAYS_EMBED_SWIFT_STANDARD_LIBRARIES = YES;
				ASSETCATALOG_COMPILER_APPICON_NAME = AppIcon;
				CODE_SIGN_ENTITLEMENTS = iHealthProject/iHealthProject.entitlements;
				CODE_SIGN_STYLE = Automatic;
				DEVELOPMENT_TEAM = "";
				INFOPLIST_FILE = iHealthProject/Info.plist;
				LD_RUNPATH_SEARCH_PATHS = "$(inherited) @executable_path/Frameworks";
				PRODUCT_BUNDLE_IDENTIFIER = HealthHIT.iHealthProject;
				PRODUCT_NAME = "$(TARGET_NAME)";
				SWIFT_VERSION = 4.0;
				TARGETED_DEVICE_FAMILY = "1,2";
			};
			name = Debug;
		};
		0C8F0CDA208A1A8A00D5A267 /* Release */ = {
			isa = XCBuildConfiguration;
			buildSettings = {
				ALWAYS_EMBED_SWIFT_STANDARD_LIBRARIES = YES;
				ASSETCATALOG_COMPILER_APPICON_NAME = AppIcon;
				CODE_SIGN_ENTITLEMENTS = iHealthProject/iHealthProject.entitlements;
				CODE_SIGN_STYLE = Automatic;
				DEVELOPMENT_TEAM = "";
				INFOPLIST_FILE = iHealthProject/Info.plist;
				LD_RUNPATH_SEARCH_PATHS = "$(inherited) @executable_path/Frameworks";
				PRODUCT_BUNDLE_IDENTIFIER = HealthHIT.iHealthProject;
				PRODUCT_NAME = "$(TARGET_NAME)";
				SWIFT_VERSION = 4.0;
				TARGETED_DEVICE_FAMILY = "1,2";
			};
			name = Release;
		};
		0C8F0CDC208A1A8A00D5A267 /* Debug */ = {
			isa = XCBuildConfiguration;
			buildSettings = {
				ALWAYS_EMBED_SWIFT_STANDARD_LIBRARIES = YES;
				BUNDLE_LOADER = "$(TEST_HOST)";
				CODE_SIGN_STYLE = Automatic;
				INFOPLIST_FILE = iHealthProjectTests/Info.plist;
				LD_RUNPATH_SEARCH_PATHS = "$(inherited) @executable_path/Frameworks @loader_path/Frameworks";
				PRODUCT_BUNDLE_IDENTIFIER = HealthHIT.iHealthProjectTests;
				PRODUCT_NAME = "$(TARGET_NAME)";
				SWIFT_VERSION = 4.0;
				TARGETED_DEVICE_FAMILY = "1,2";
				TEST_HOST = "$(BUILT_PRODUCTS_DIR)/iHealthProject.app/iHealthProject";
			};
			name = Debug;
		};
		0C8F0CDD208A1A8A00D5A267 /* Release */ = {
			isa = XCBuildConfiguration;
			buildSettings = {
				ALWAYS_EMBED_SWIFT_STANDARD_LIBRARIES = YES;
				BUNDLE_LOADER = "$(TEST_HOST)";
				CODE_SIGN_STYLE = Automatic;
				INFOPLIST_FILE = iHealthProjectTests/Info.plist;
				LD_RUNPATH_SEARCH_PATHS = "$(inherited) @executable_path/Frameworks @loader_path/Frameworks";
				PRODUCT_BUNDLE_IDENTIFIER = HealthHIT.iHealthProjectTests;
				PRODUCT_NAME = "$(TARGET_NAME)";
				SWIFT_VERSION = 4.0;
				TARGETED_DEVICE_FAMILY = "1,2";
				TEST_HOST = "$(BUILT_PRODUCTS_DIR)/iHealthProject.app/iHealthProject";
			};
			name = Release;
		};
		0C8F0CDF208A1A8A00D5A267 /* Debug */ = {
			isa = XCBuildConfiguration;
			buildSettings = {
				ALWAYS_EMBED_SWIFT_STANDARD_LIBRARIES = YES;
				CODE_SIGN_STYLE = Automatic;
				INFOPLIST_FILE = iHealthProjectUITests/Info.plist;
				LD_RUNPATH_SEARCH_PATHS = "$(inherited) @executable_path/Frameworks @loader_path/Frameworks";
				PRODUCT_BUNDLE_IDENTIFIER = HealthHIT.iHealthProjectUITests;
				PRODUCT_NAME = "$(TARGET_NAME)";
				SWIFT_VERSION = 4.0;
				TARGETED_DEVICE_FAMILY = "1,2";
				TEST_TARGET_NAME = iHealthProject;
			};
			name = Debug;
		};
		0C8F0CE0208A1A8A00D5A267 /* Release */ = {
			isa = XCBuildConfiguration;
			buildSettings = {
				ALWAYS_EMBED_SWIFT_STANDARD_LIBRARIES = YES;
				CODE_SIGN_STYLE = Automatic;
				INFOPLIST_FILE = iHealthProjectUITests/Info.plist;
				LD_RUNPATH_SEARCH_PATHS = "$(inherited) @executable_path/Frameworks @loader_path/Frameworks";
				PRODUCT_BUNDLE_IDENTIFIER = HealthHIT.iHealthProjectUITests;
				PRODUCT_NAME = "$(TARGET_NAME)";
				SWIFT_VERSION = 4.0;
				TARGETED_DEVICE_FAMILY = "1,2";
				TEST_TARGET_NAME = iHealthProject;
			};
			name = Release;
		};
/* End XCBuildConfiguration section */

/* Begin XCConfigurationList section */
		0C8F0CAB208A1A8A00D5A267 /* Build configuration list for PBXProject "iHealthProject" */ = {
			isa = XCConfigurationList;
			buildConfigurations = (
				0C8F0CD6208A1A8A00D5A267 /* Debug */,
				0C8F0CD7208A1A8A00D5A267 /* Release */,
			);
			defaultConfigurationIsVisible = 0;
			defaultConfigurationName = Release;
		};
		0C8F0CD8208A1A8A00D5A267 /* Build configuration list for PBXNativeTarget "iHealthProject" */ = {
			isa = XCConfigurationList;
			buildConfigurations = (
				0C8F0CD9208A1A8A00D5A267 /* Debug */,
				0C8F0CDA208A1A8A00D5A267 /* Release */,
			);
			defaultConfigurationIsVisible = 0;
			defaultConfigurationName = Release;
		};
		0C8F0CDB208A1A8A00D5A267 /* Build configuration list for PBXNativeTarget "iHealthProjectTests" */ = {
			isa = XCConfigurationList;
			buildConfigurations = (
				0C8F0CDC208A1A8A00D5A267 /* Debug */,
				0C8F0CDD208A1A8A00D5A267 /* Release */,
			);
			defaultConfigurationIsVisible = 0;
			defaultConfigurationName = Release;
		};
		0C8F0CDE208A1A8A00D5A267 /* Build configuration list for PBXNativeTarget "iHealthProjectUITests" */ = {
			isa = XCConfigurationList;
			buildConfigurations = (
				0C8F0CDF208A1A8A00D5A267 /* Debug */,
				0C8F0CE0208A1A8A00D5A267 /* Release */,
			);
			defaultConfigurationIsVisible = 0;
			defaultConfigurationName = Release;
		};
/* End XCConfigurationList section */
	};
	rootObject = 0C8F0CA8208A1A8A00D5A267 /* Project object */;
}
